<?xml version="1.0" encoding="utf-8"?>
<Project ToolsVersion="4.0" xmlns="http://schemas.microsoft.com/developer/msbuild/2003">
  <ItemGroup>
    <Filter Include="Utilities">
      <UniqueIdentifier>{b3fc7036-9629-4d73-a04f-90df516a0206}</UniqueIdentifier>
    </Filter>
    <Filter Include="External">
      <UniqueIdentifier>{3667e3f2-87c2-4090-b81e-11a21f1a7f0e}</UniqueIdentifier>
    </Filter>
    <Filter Include="Features">
      <UniqueIdentifier>{c11826b2-6957-428c-9ae1-dd6ece30e4fb}</UniqueIdentifier>
    </Filter>
    <Filter Include="External\ImGUI">
      <UniqueIdentifier>{5dc3ba5e-c429-4edb-9f79-d3260854164f}</UniqueIdentifier>
    </Filter>
    <Filter Include="Features\Frameworks">
      <UniqueIdentifier>{47337c52-2515-44c4-89f2-34dfb53f9e1a}</UniqueIdentifier>
    </Filter>
    <Filter Include="Features\Core">
      <UniqueIdentifier>{3a899a31-0d6d-4c4f-b15b-f56a6642c018}</UniqueIdentifier>
    </Filter>
    <Filter Include="Precompiled">
      <UniqueIdentifier>{27c75408-30e4-4e9e-a492-b2dde1f8a332}</UniqueIdentifier>
    </Filter>
  </ItemGroup>
  <ItemGroup>
    <ClInclude Include="imgui_impl_dx9.h">
      <Filter>External\ImGUI</Filter>
    </ClInclude>
    <ClInclude Include="imgui_impl_win32.h">
      <Filter>External\ImGUI</Filter>
    </ClInclude>
    <ClInclude Include="imgui_internal.h">
      <Filter>External\ImGUI</Filter>
    </ClInclude>
    <ClInclude Include="imstb_rectpack.h">
      <Filter>External\ImGUI</Filter>
    </ClInclude>
    <ClInclude Include="imstb_textedit.h">
      <Filter>External\ImGUI</Filter>
    </ClInclude>
    <ClInclude Include="imstb_truetype.h">
      <Filter>External\ImGUI</Filter>
    </ClInclude>
    <ClInclude Include="imconfig.h">
      <Filter>External\ImGUI</Filter>
    </ClInclude>
    <ClInclude Include="imgui.h">
      <Filter>External\ImGUI</Filter>
    </ClInclude>
    <ClInclude Include="Menu.h" />
    <ClInclude Include="Memory.h">
      <Filter>Utilities</Filter>
    </ClInclude>
    <ClInclude Include="ImGuiFileDialog.h">
      <Filter>External\ImGUI</Filter>
    </ClInclude>
    <ClInclude Include="ImGuiFileDialogConfig.h">
      <Filter>External\ImGUI</Filter>
    </ClInclude>
    <ClInclude Include="dirent.h">
      <Filter>External\ImGUI</Filter>
    </ClInclude>
    <ClInclude Include="IconsFontAwesome5.h">
      <Filter>External\ImGUI</Filter>
    </ClInclude>
    <ClInclude Include="Data.h" />
    <ClInclude Include="Log.h">
      <Filter>Utilities</Filter>
    </ClInclude>
    <ClInclude Include="Templates.h">
      <Filter>Utilities</Filter>
    </ClInclude>
    <ClInclude Include="GameFrameWork.h">
      <Filter>Features\Frameworks</Filter>
    </ClInclude>
    <ClInclude Include="MainApp.h">
      <Filter>Features\Core</Filter>
    </ClInclude>
    <ClInclude Include="pch.h">
      <Filter>Precompiled</Filter>
    </ClInclude>
    <ClInclude Include="framework.h">
      <Filter>Precompiled</Filter>
    </ClInclude>
    <ClInclude Include="Format.h">
      <Filter>Utilities</Filter>
    </ClInclude>
    <ClInclude Include="Config.h">
      <Filter>Utilities</Filter>
    </ClInclude>
  </ItemGroup>
  <ItemGroup>
    <ClCompile Include="dllmain.cpp" />
    <ClCompile Include="imgui_impl_dx9.cpp">
      <Filter>External\ImGUI</Filter>
    </ClCompile>
    <ClCompile Include="imgui_impl_win32.cpp">
      <Filter>External\ImGUI</Filter>
    </ClCompile>
    <ClCompile Include="imgui_tables.cpp">
      <Filter>External\ImGUI</Filter>
    </ClCompile>
    <ClCompile Include="imgui_widgets.cpp">
      <Filter>External\ImGUI</Filter>
    </ClCompile>
    <ClCompile Include="imgui.cpp">
      <Filter>External\ImGUI</Filter>
    </ClCompile>
    <ClCompile Include="imgui_demo.cpp">
      <Filter>External\ImGUI</Filter>
    </ClCompile>
    <ClCompile Include="imgui_draw.cpp">
      <Filter>External\ImGUI</Filter>
    </ClCompile>
    <ClCompile Include="Menu.cpp" />
    <ClCompile Include="ImGuiFileDialog.cpp">
      <Filter>External\ImGUI</Filter>
    </ClCompile>
    <ClCompile Include="Data.cpp" />
    <ClCompile Include="Log.cpp">
      <Filter>Utilities</Filter>
    </ClCompile>
    <ClCompile Include="Memory.cpp">
      <Filter>Utilities</Filter>
    </ClCompile>
    <ClCompile Include="GameFrameWork.cpp">
      <Filter>Features\Frameworks</Filter>
    </ClCompile>
    <ClCompile Include="MainApp.cpp">
      <Filter>Features\Core</Filter>
    </ClCompile>
    <ClCompile Include="pch.cpp">
      <Filter>Precompiled</Filter>
    </ClCompile>
    <ClCompile Include="Format.cpp">
      <Filter>Utilities</Filter>
    </ClCompile>
    <ClCompile Include="Config.cpp">
      <Filter>Utilities</Filter>
    </ClCompile>
  </ItemGroup>
  <ItemGroup>
    <None Include="DInput8.def">
      <Filter>External</Filter>
    </None>
  </ItemGroup>
</Project>